// !$*UTF8*$!
{
	archiveVersion = 1;
	classes = {
	};
	objectVersion = 48;
	objects = {

/* Begin PBXBuildFile section */
		202A5B801F7D596000784D7E /* AppDelegate.swift in Sources */ = {isa = PBXBuildFile; fileRef = 202A5B7F1F7D596000784D7E /* AppDelegate.swift */; };
		202A5B821F7D596000784D7E /* ViewController.swift in Sources */ = {isa = PBXBuildFile; fileRef = 202A5B811F7D596000784D7E /* ViewController.swift */; };
		202A5B851F7D596000784D7E /* Main.storyboard in Resources */ = {isa = PBXBuildFile; fileRef = 202A5B831F7D596000784D7E /* Main.storyboard */; };
		202A5B871F7D596000784D7E /* Assets.xcassets in Resources */ = {isa = PBXBuildFile; fileRef = 202A5B861F7D596000784D7E /* Assets.xcassets */; };
		202A5B8A1F7D596000784D7E /* LaunchScreen.storyboard in Resources */ = {isa = PBXBuildFile; fileRef = 202A5B881F7D596000784D7E /* LaunchScreen.storyboard */; };
		202A5B951F7D596100784D7E /* BuggyTests.swift in Sources */ = {isa = PBXBuildFile; fileRef = 202A5B941F7D596100784D7E /* BuggyTests.swift */; };
		202A5BA01F7D596100784D7E /* BuggyUITests.swift in Sources */ = {isa = PBXBuildFile; fileRef = 202A5B9F1F7D596100784D7E /* BuggyUITests.swift */; };
/* End PBXBuildFile section */

/* Begin PBXContainerItemProxy section */
		202A5B911F7D596100784D7E /* PBXContainerItemProxy */ = {
			isa = PBXContainerItemProxy;
			containerPortal = 202A5B741F7D596000784D7E /* Project object */;
			proxyType = 1;
			remoteGlobalIDString = 202A5B7B1F7D596000784D7E;
			remoteInfo = Buggy;
		};
		202A5B9C1F7D596100784D7E /* PBXContainerItemProxy */ = {
			isa = PBXContainerItemProxy;
			containerPortal = 202A5B741F7D596000784D7E /* Project object */;
			proxyType = 1;
			remoteGlobalIDString = 202A5B7B1F7D596000784D7E;
			remoteInfo = Buggy;
		};
/* End PBXContainerItemProxy section */

/* Begin PBXFileReference section */
		202A5B7C1F7D596000784D7E /* Buggy.app */ = {isa = PBXFileReference; explicitFileType = wrapper.application; includeInIndex = 0; path = Buggy.app; sourceTree = BUILT_PRODUCTS_DIR; };
		202A5B7F1F7D596000784D7E /* AppDelegate.swift */ = {isa = PBXFileReference; lastKnownFileType = sourcecode.swift; path = AppDelegate.swift; sourceTree = "<group>"; };
		202A5B811F7D596000784D7E /* ViewController.swift */ = {isa = PBXFileReference; lastKnownFileType = sourcecode.swift; path = ViewController.swift; sourceTree = "<group>"; };
		202A5B841F7D596000784D7E /* Base */ = {isa = PBXFileReference; lastKnownFileType = file.storyboard; name = Base; path = Base.lproj/Main.storyboard; sourceTree = "<group>"; };
		202A5B861F7D596000784D7E /* Assets.xcassets */ = {isa = PBXFileReference; lastKnownFileType = folder.assetcatalog; path = Assets.xcassets; sourceTree = "<group>"; };
		202A5B891F7D596000784D7E /* Base */ = {isa = PBXFileReference; lastKnownFileType = file.storyboard; name = Base; path = Base.lproj/LaunchScreen.storyboard; sourceTree = "<group>"; };
		202A5B8B1F7D596000784D7E /* Info.plist */ = {isa = PBXFileReference; lastKnownFileType = text.plist.xml; path = Info.plist; sourceTree = "<group>"; };
		202A5B901F7D596100784D7E /* BuggyTests.xctest */ = {isa = PBXFileReference; explicitFileType = wrapper.cfbundle; includeInIndex = 0; path = BuggyTests.xctest; sourceTree = BUILT_PRODUCTS_DIR; };
		202A5B941F7D596100784D7E /* BuggyTests.swift */ = {isa = PBXFileReference; lastKnownFileType = sourcecode.swift; path = BuggyTests.swift; sourceTree = "<group>"; };
		202A5B961F7D596100784D7E /* Info.plist */ = {isa = PBXFileReference; lastKnownFileType = text.plist.xml; path = Info.plist; sourceTree = "<group>"; };
		202A5B9B1F7D596100784D7E /* BuggyUITests.xctest */ = {isa = PBXFileReference; explicitFileType = wrapper.cfbundle; includeInIndex = 0; path = BuggyUITests.xctest; sourceTree = BUILT_PRODUCTS_DIR; };
		202A5B9F1F7D596100784D7E /* BuggyUITests.swift */ = {isa = PBXFileReference; lastKnownFileType = sourcecode.swift; path = BuggyUITests.swift; sourceTree = "<group>"; };
		202A5BA11F7D596100784D7E /* Info.plist */ = {isa = PBXFileReference; lastKnownFileType = text.plist.xml; path = Info.plist; sourceTree = "<group>"; };
/* End PBXFileReference section */

/* Begin PBXFrameworksBuildPhase section */
		202A5B791F7D596000784D7E /* Frameworks */ = {
			isa = PBXFrameworksBuildPhase;
			buildActionMask = 2147483647;
			files = (
			);
			runOnlyForDeploymentPostprocessing = 0;
		};
		202A5B8D1F7D596100784D7E /* Frameworks */ = {
			isa = PBXFrameworksBuildPhase;
			buildActionMask = 2147483647;
			files = (
			);
			runOnlyForDeploymentPostprocessing = 0;
		};
		202A5B981F7D596100784D7E /* Frameworks */ = {
			isa = PBXFrameworksBuildPhase;
			buildActionMask = 2147483647;
			files = (
			);
			runOnlyForDeploymentPostprocessing = 0;
		};
/* End PBXFrameworksBuildPhase section */

/* Begin PBXGroup section */
		202A5B731F7D596000784D7E = {
			isa = PBXGroup;
			children = (
				202A5B7E1F7D596000784D7E /* Buggy */,
				202A5B931F7D596100784D7E /* BuggyTests */,
				202A5B9E1F7D596100784D7E /* BuggyUITests */,
				202A5B7D1F7D596000784D7E /* Products */,
			);
			sourceTree = "<group>";
		};
		202A5B7D1F7D596000784D7E /* Products */ = {
			isa = PBXGroup;
			children = (
				202A5B7C1F7D596000784D7E /* Buggy.app */,
				202A5B901F7D596100784D7E /* BuggyTests.xctest */,
				202A5B9B1F7D596100784D7E /* BuggyUITests.xctest */,
			);
			name = Products;
			sourceTree = "<group>";
		};
		202A5B7E1F7D596000784D7E /* Buggy */ = {
			isa = PBXGroup;
			children = (
				202A5B7F1F7D596000784D7E /* AppDelegate.swift */,
				202A5B811F7D596000784D7E /* ViewController.swift */,
				202A5B831F7D596000784D7E /* Main.storyboard */,
				202A5B861F7D596000784D7E /* Assets.xcassets */,
				202A5B881F7D596000784D7E /* LaunchScreen.storyboard */,
				202A5B8B1F7D596000784D7E /* Info.plist */,
			);
			path = Buggy;
			sourceTree = "<group>";
		};
		202A5B931F7D596100784D7E /* BuggyTests */ = {
			isa = PBXGroup;
			children = (
				202A5B941F7D596100784D7E /* BuggyTests.swift */,
				202A5B961F7D596100784D7E /* Info.plist */,
			);
			path = BuggyTests;
			sourceTree = "<group>";
		};
		202A5B9E1F7D596100784D7E /* BuggyUITests */ = {
			isa = PBXGroup;
			children = (
				202A5B9F1F7D596100784D7E /* BuggyUITests.swift */,
				202A5BA11F7D596100784D7E /* Info.plist */,
			);
			path = BuggyUITests;
			sourceTree = "<group>";
		};
/* End PBXGroup section */

/* Begin PBXNativeTarget section */
		202A5B7B1F7D596000784D7E /* Buggy */ = {
			isa = PBXNativeTarget;
			buildConfigurationList = 202A5BA41F7D596100784D7E /* Build configuration list for PBXNativeTarget "Buggy" */;
			buildPhases = (
				202A5B781F7D596000784D7E /* Sources */,
				202A5B791F7D596000784D7E /* Frameworks */,
				202A5B7A1F7D596000784D7E /* Resources */,
			);
			buildRules = (
			);
			dependencies = (
			);
			name = Buggy;
			productName = Buggy;
			productReference = 202A5B7C1F7D596000784D7E /* Buggy.app */;
			productType = "com.apple.product-type.application";
		};
		202A5B8F1F7D596100784D7E /* BuggyTests */ = {
			isa = PBXNativeTarget;
			buildConfigurationList = 202A5BA71F7D596100784D7E /* Build configuration list for PBXNativeTarget "BuggyTests" */;
			buildPhases = (
				202A5B8C1F7D596100784D7E /* Sources */,
				202A5B8D1F7D596100784D7E /* Frameworks */,
				202A5B8E1F7D596100784D7E /* Resources */,
			);
			buildRules = (
			);
			dependencies = (
				202A5B921F7D596100784D7E /* PBXTargetDependency */,
			);
			name = BuggyTests;
			productName = BuggyTests;
			productReference = 202A5B901F7D596100784D7E /* BuggyTests.xctest */;
			productType = "com.apple.product-type.bundle.unit-test";
		};
		202A5B9A1F7D596100784D7E /* BuggyUITests */ = {
			isa = PBXNativeTarget;
			buildConfigurationList = 202A5BAA1F7D596100784D7E /* Build configuration list for PBXNativeTarget "BuggyUITests" */;
			buildPhases = (
				202A5B971F7D596100784D7E /* Sources */,
				202A5B981F7D596100784D7E /* Frameworks */,
				202A5B991F7D596100784D7E /* Resources */,
			);
			buildRules = (
			);
			dependencies = (
				202A5B9D1F7D596100784D7E /* PBXTargetDependency */,
			);
			name = BuggyUITests;
			productName = BuggyUITests;
			productReference = 202A5B9B1F7D596100784D7E /* BuggyUITests.xctest */;
			productType = "com.apple.product-type.bundle.ui-testing";
		};
/* End PBXNativeTarget section */

/* Begin PBXProject section */
		202A5B741F7D596000784D7E /* Project object */ = {
			isa = PBXProject;
			attributes = {
				LastSwiftUpdateCheck = 0900;
				LastUpgradeCheck = 0900;
				ORGANIZATIONNAME = "Stefano Pernat";
				TargetAttributes = {
					202A5B7B1F7D596000784D7E = {
						CreatedOnToolsVersion = 9.0;
						ProvisioningStyle = Automatic;
					};
					202A5B8F1F7D596100784D7E = {
						CreatedOnToolsVersion = 9.0;
						ProvisioningStyle = Automatic;
						TestTargetID = 202A5B7B1F7D596000784D7E;
					};
					202A5B9A1F7D596100784D7E = {
						CreatedOnToolsVersion = 9.0;
						ProvisioningStyle = Automatic;
						TestTargetID = 202A5B7B1F7D596000784D7E;
					};
				};
			};
			buildConfigurationList = 202A5B771F7D596000784D7E /* Build configuration list for PBXProject "Buggy" */;
			compatibilityVersion = "Xcode 8.0";
			developmentRegion = en;
			hasScannedForEncodings = 0;
			knownRegions = (
				en,
				Base,
			);
			mainGroup = 202A5B731F7D596000784D7E;
			productRefGroup = 202A5B7D1F7D596000784D7E /* Products */;
			projectDirPath = "";
			projectRoot = "";
			targets = (
				202A5B7B1F7D596000784D7E /* Buggy */,
				202A5B8F1F7D596100784D7E /* BuggyTests */,
				202A5B9A1F7D596100784D7E /* BuggyUITests */,
			);
		};
/* End PBXProject section */

/* Begin PBXResourcesBuildPhase section */
		202A5B7A1F7D596000784D7E /* Resources */ = {
			isa = PBXResourcesBuildPhase;
			buildActionMask = 2147483647;
			files = (
				202A5B8A1F7D596000784D7E /* LaunchScreen.storyboard in Resources */,
				202A5B871F7D596000784D7E /* Assets.xcassets in Resources */,
				202A5B851F7D596000784D7E /* Main.storyboard in Resources */,
			);
			runOnlyForDeploymentPostprocessing = 0;
		};
		202A5B8E1F7D596100784D7E /* Resources */ = {
			isa = PBXResourcesBuildPhase;
			buildActionMask = 2147483647;
			files = (
			);
			runOnlyForDeploymentPostprocessing = 0;
		};
		202A5B991F7D596100784D7E /* Resources */ = {
			isa = PBXResourcesBuildPhase;
			buildActionMask = 2147483647;
			files = (
			);
			runOnlyForDeploymentPostprocessing = 0;
		};
/* End PBXResourcesBuildPhase section */

/* Begin PBXSourcesBuildPhase section */
		202A5B781F7D596000784D7E /* Sources */ = {
			isa = PBXSourcesBuildPhase;
			buildActionMask = 2147483647;
			files = (
				202A5B821F7D596000784D7E /* ViewController.swift in Sources */,
				202A5B801F7D596000784D7E /* AppDelegate.swift in Sources */,
			);
			runOnlyForDeploymentPostprocessing = 0;
		};
		202A5B8C1F7D596100784D7E /* Sources */ = {
			isa = PBXSourcesBuildPhase;
			buildActionMask = 2147483647;
			files = (
				202A5B951F7D596100784D7E /* BuggyTests.swift in Sources */,
			);
			runOnlyForDeploymentPostprocessing = 0;
		};
		202A5B971F7D596100784D7E /* Sources */ = {
			isa = PBXSourcesBuildPhase;
			buildActionMask = 2147483647;
			files = (
				202A5BA01F7D596100784D7E /* BuggyUITests.swift in Sources */,
			);
			runOnlyForDeploymentPostprocessing = 0;
		};
/* End PBXSourcesBuildPhase section */

/* Begin PBXTargetDependency section */
		202A5B921F7D596100784D7E /* PBXTargetDependency */ = {
			isa = PBXTargetDependency;
			target = 202A5B7B1F7D596000784D7E /* Buggy */;
			targetProxy = 202A5B911F7D596100784D7E /* PBXContainerItemProxy */;
		};
		202A5B9D1F7D596100784D7E /* PBXTargetDependency */ = {
			isa = PBXTargetDependency;
			target = 202A5B7B1F7D596000784D7E /* Buggy */;
			targetProxy = 202A5B9C1F7D596100784D7E /* PBXContainerItemProxy */;
		};
/* End PBXTargetDependency section */

/* Begin PBXVariantGroup section */
		202A5B831F7D596000784D7E /* Main.storyboard */ = {
			isa = PBXVariantGroup;
			children = (
				202A5B841F7D596000784D7E /* Base */,
			);
			name = Main.storyboard;
			sourceTree = "<group>";
		};
		202A5B881F7D596000784D7E /* LaunchScreen.storyboard */ = {
			isa = PBXVariantGroup;
			children = (
				202A5B891F7D596000784D7E /* Base */,
			);
			name = LaunchScreen.storyboard;
			sourceTree = "<group>";
		};
/* End PBXVariantGroup section */

/* Begin XCBuildConfiguration section */
		202A5BA21F7D596100784D7E /* Debug */ = {
			isa = XCBuildConfiguration;
			buildSettings = {
				ALWAYS_SEARCH_USER_PATHS = NO;
				CLANG_ANALYZER_NONNULL = YES;
				CLANG_ANALYZER_NUMBER_OBJECT_CONVERSION = YES_AGGRESSIVE;
				CLANG_CXX_LANGUAGE_STANDARD = "gnu++14";
				CLANG_CXX_LIBRARY = "libc++";
				CLANG_ENABLE_MODULES = YES;
				CLANG_ENABLE_OBJC_ARC = YES;
				CLANG_WARN_BLOCK_CAPTURE_AUTORELEASING = YES;
				CLANG_WARN_BOOL_CONVERSION = YES;
				CLANG_WARN_COMMA = YES;
				CLANG_WARN_CONSTANT_CONVERSION = YES;
				CLANG_WARN_DIRECT_OBJC_ISA_USAGE = YES_ERROR;
				CLANG_WARN_DOCUMENTATION_COMMENTS = YES;
				CLANG_WARN_EMPTY_BODY = YES;
				CLANG_WARN_ENUM_CONVERSION = YES;
				CLANG_WARN_INFINITE_RECURSION = YES;
				CLANG_WARN_INT_CONVERSION = YES;
				CLANG_WARN_NON_LITERAL_NULL_CONVERSION = YES;
				CLANG_WARN_OBJC_LITERAL_CONVERSION = YES;
				CLANG_WARN_OBJC_ROOT_CLASS = YES_ERROR;
				CLANG_WARN_RANGE_LOOP_ANALYSIS = YES;
				CLANG_WARN_STRICT_PROTOTYPES = YES;
				CLANG_WARN_SUSPICIOUS_MOVE = YES;
				CLANG_WARN_UNGUARDED_AVAILABILITY = YES_AGGRESSIVE;
				CLANG_WARN_UNREACHABLE_CODE = YES;
				CLANG_WARN__DUPLICATE_METHOD_MATCH = YES;
				CODE_SIGN_IDENTITY = "iPhone Developer";
				COPY_PHASE_STRIP = NO;
				DEBUG_INFORMATION_FORMAT = dwarf;
				ENABLE_STRICT_OBJC_MSGSEND = YES;
				ENABLE_TESTABILITY = YES;
				GCC_C_LANGUAGE_STANDARD = gnu11;
				GCC_DYNAMIC_NO_PIC = NO;
				GCC_NO_COMMON_BLOCKS = YES;
				GCC_OPTIMIZATION_LEVEL = 0;
				GCC_PREPROCESSOR_DEFINITIONS = (
					"DEBUG=1",
					"$(inherited)",
				);
				GCC_WARN_64_TO_32_BIT_CONVERSION = YES;
				GCC_WARN_ABOUT_RETURN_TYPE = YES_ERROR;
				GCC_WARN_UNDECLARED_SELECTOR = YES;
				GCC_WARN_UNINITIALIZED_AUTOS = YES_AGGRESSIVE;
				GCC_WARN_UNUSED_FUNCTION = YES;
				GCC_WARN_UNUSED_VARIABLE = YES;
				IPHONEOS_DEPLOYMENT_TARGET = 11.0;
				MTL_ENABLE_DEBUG_INFO = YES;
				ONLY_ACTIVE_ARCH = YES;
				SDKROOT = iphoneos;
				SWIFT_ACTIVE_COMPILATION_CONDITIONS = DEBUG;
				SWIFT_OPTIMIZATION_LEVEL = "-Onone";
			};
			name = Debug;
		};
		202A5BA31F7D596100784D7E /* Release */ = {
			isa = XCBuildConfiguration;
			buildSettings = {
				ALWAYS_SEARCH_USER_PATHS = NO;
				CLANG_ANALYZER_NONNULL = YES;
				CLANG_ANALYZER_NUMBER_OBJECT_CONVERSION = YES_AGGRESSIVE;
				CLANG_CXX_LANGUAGE_STANDARD = "gnu++14";
				CLANG_CXX_LIBRARY = "libc++";
				CLANG_ENABLE_MODULES = YES;
				CLANG_ENABLE_OBJC_ARC = YES;
				CLANG_WARN_BLOCK_CAPTURE_AUTORELEASING = YES;
				CLANG_WARN_BOOL_CONVERSION = YES;
				CLANG_WARN_COMMA = YES;
				CLANG_WARN_CONSTANT_CONVERSION = YES;
				CLANG_WARN_DIRECT_OBJC_ISA_USAGE = YES_ERROR;
				CLANG_WARN_DOCUMENTATION_COMMENTS = YES;
				CLANG_WARN_EMPTY_BODY = YES;
				CLANG_WARN_ENUM_CONVERSION = YES;
				CLANG_WARN_INFINITE_RECURSION = YES;
				CLANG_WARN_INT_CONVERSION = YES;
				CLANG_WARN_NON_LITERAL_NULL_CONVERSION = YES;
				CLANG_WARN_OBJC_LITERAL_CONVERSION = YES;
				CLANG_WARN_OBJC_ROOT_CLASS = YES_ERROR;
				CLANG_WARN_RANGE_LOOP_ANALYSIS = YES;
				CLANG_WARN_STRICT_PROTOTYPES = YES;
				CLANG_WARN_SUSPICIOUS_MOVE = YES;
				CLANG_WARN_UNGUARDED_AVAILABILITY = YES_AGGRESSIVE;
				CLANG_WARN_UNREACHABLE_CODE = YES;
				CLANG_WARN__DUPLICATE_METHOD_MATCH = YES;
				CODE_SIGN_IDENTITY = "iPhone Developer";
				COPY_PHASE_STRIP = NO;
				DEBUG_INFORMATION_FORMAT = "dwarf-with-dsym";
				ENABLE_NS_ASSERTIONS = NO;
				ENABLE_STRICT_OBJC_MSGSEND = YES;
				GCC_C_LANGUAGE_STANDARD = gnu11;
				GCC_NO_COMMON_BLOCKS = YES;
				GCC_WARN_64_TO_32_BIT_CONVERSION = YES;
				GCC_WARN_ABOUT_RETURN_TYPE = YES_ERROR;
				GCC_WARN_UNDECLARED_SELECTOR = YES;
				GCC_WARN_UNINITIALIZED_AUTOS = YES_AGGRESSIVE;
				GCC_WARN_UNUSED_FUNCTION = YES;
				GCC_WARN_UNUSED_VARIABLE = YES;
				IPHONEOS_DEPLOYMENT_TARGET = 11.0;
				MTL_ENABLE_DEBUG_INFO = NO;
				SDKROOT = iphoneos;
				SWIFT_OPTIMIZATION_LEVEL = "-Owholemodule";
				VALIDATE_PRODUCT = YES;
			};
			name = Release;
		};
		202A5BA51F7D596100784D7E /* Debug */ = {
			isa = XCBuildConfiguration;
			buildSettings = {
				ASSETCATALOG_COMPILER_APPICON_NAME = AppIcon;
				CODE_SIGN_STYLE = Automatic;
				DEVELOPMENT_TEAM = W7P2H33KSX;
				INFOPLIST_FILE = Buggy/Info.plist;
				LD_RUNPATH_SEARCH_PATHS = "$(inherited) @executable_path/Frameworks";
				PRODUCT_BUNDLE_IDENTIFIER = com.thebignerdranch.learning.Buggy;
				PRODUCT_NAME = "$(TARGET_NAME)";
				SWIFT_VERSION = 4.0;
				TARGETED_DEVICE_FAMILY = "1,2";
			};
			name = Debug;
		};
		202A5BA61F7D596100784D7E /* Release */ = {
			isa = XCBuildConfiguration;
			buildSettings = {
				ASSETCATALOG_COMPILER_APPICON_NAME = AppIcon;
				CODE_SIGN_STYLE = Automatic;
				DEVELOPMENT_TEAM = W7P2H33KSX;
				INFOPLIST_FILE = Buggy/Info.plist;
				LD_RUNPATH_SEARCH_PATHS = "$(inherited) @executable_path/Frameworks";
				PRODUCT_BUNDLE_IDENTIFIER = com.thebignerdranch.learning.Buggy;
				PRODUCT_NAME = "$(TARGET_NAME)";
				SWIFT_VERSION = 4.0;
				TARGETED_DEVICE_FAMILY = "1,2";
			};
			name = Release;
		};
		202A5BA81F7D596100784D7E /* Debug */ = {
			isa = XCBuildConfiguration;
			buildSettings = {
				ALWAYS_EMBED_SWIFT_STANDARD_LIBRARIES = YES;
				BUNDLE_LOADER = "$(TEST_HOST)";
				CODE_SIGN_STYLE = Automatic;
				DEVELOPMENT_TEAM = W7P2H33KSX;
				INFOPLIST_FILE = BuggyTests/Info.plist;
				LD_RUNPATH_SEARCH_PATHS = "$(inherited) @executable_path/Frameworks @loader_path/Frameworks";
				PRODUCT_BUNDLE_IDENTIFIER = com.thebignerdranch.learning.BuggyTests;
				PRODUCT_NAME = "$(TARGET_NAME)";
				SWIFT_VERSION = 4.0;
				TARGETED_DEVICE_FAMILY = "1,2";
				TEST_HOST = "$(BUILT_PRODUCTS_DIR)/Buggy.app/Buggy";
			};
			name = Debug;
		};
		202A5BA91F7D596100784D7E /* Release */ = {
			isa = XCBuildConfiguration;
			buildSettings = {
				ALWAYS_EMBED_SWIFT_STANDARD_LIBRARIES = YES;
				BUNDLE_LOADER = "$(TEST_HOST)";
				CODE_SIGN_STYLE = Automatic;
				DEVELOPMENT_TEAM = W7P2H33KSX;
				INFOPLIST_FILE = BuggyTests/Info.plist;
				LD_RUNPATH_SEARCH_PATHS = "$(inherited) @executable_path/Frameworks @loader_path/Frameworks";
				PRODUCT_BUNDLE_IDENTIFIER = com.thebignerdranch.learning.BuggyTests;
				PRODUCT_NAME = "$(TARGET_NAME)";
				SWIFT_VERSION = 4.0;
				TARGETED_DEVICE_FAMILY = "1,2";
				TEST_HOST = "$(BUILT_PRODUCTS_DIR)/Buggy.app/Buggy";
			};
			name = Release;
		};
		202A5BAB1F7D596100784D7E /* Debug */ = {
			isa = XCBuildConfiguration;
			buildSettings = {
				ALWAYS_EMBED_SWIFT_STANDARD_LIBRARIES = YES;
				CODE_SIGN_STYLE = Automatic;
				DEVELOPMENT_TEAM = W7P2H33KSX;
				INFOPLIST_FILE = BuggyUITests/Info.plist;
				LD_RUNPATH_SEARCH_PATHS = "$(inherited) @executable_path/Frameworks @loader_path/Frameworks";
				PRODUCT_BUNDLE_IDENTIFIER = com.thebignerdranch.learning.BuggyUITests;
				PRODUCT_NAME = "$(TARGET_NAME)";
				SWIFT_VERSION = 4.0;
				TARGETED_DEVICE_FAMILY = "1,2";
				TEST_TARGET_NAME = Buggy;
			};
			name = Debug;
		};
		202A5BAC1F7D596100784D7E /* Release */ = {
			isa = XCBuildConfiguration;
			buildSettings = {
				ALWAYS_EMBED_SWIFT_STANDARD_LIBRARIES = YES;
				CODE_SIGN_STYLE = Automatic;
				DEVELOPMENT_TEAM = W7P2H33KSX;
				INFOPLIST_FILE = BuggyUITests/Info.plist;
				LD_RUNPATH_SEARCH_PATHS = "$(inherited) @executable_path/Frameworks @loader_path/Frameworks";
				PRODUCT_BUNDLE_IDENTIFIER = com.thebignerdranch.learning.BuggyUITests;
				PRODUCT_NAME = "$(TARGET_NAME)";
				SWIFT_VERSION = 4.0;
				TARGETED_DEVICE_FAMILY = "1,2";
				TEST_TARGET_NAME = Buggy;
			};
			name = Release;
		};
/* End XCBuildConfiguration section */

/* Begin XCConfigurationList section */
		202A5B771F7D596000784D7E /* Build configuration list for PBXProject "Buggy" */ = {
			isa = XCConfigurationList;
			buildConfigurations = (
				202A5BA21F7D596100784D7E /* Debug */,
				202A5BA31F7D596100784D7E /* Release */,
			);
			defaultConfigurationIsVisible = 0;
			defaultConfigurationName = Release;
		};
		202A5BA41F7D596100784D7E /* Build configuration list for PBXNativeTarget "Buggy" */ = {
			isa = XCConfigurationList;
			buildConfigurations = (
				202A5BA51F7D596100784D7E /* Debug */,
				202A5BA61F7D596100784D7E /* Release */,
			);
			defaultConfigurationIsVisible = 0;
			defaultConfigurationName = Release;
		};
		202A5BA71F7D596100784D7E /* Build configuration list for PBXNativeTarget "BuggyTests" */ = {
			isa = XCConfigurationList;
			buildConfigurations = (
				202A5BA81F7D596100784D7E /* Debug */,
				202A5BA91F7D596100784D7E /* Release */,
			);
			defaultConfigurationIsVisible = 0;
			defaultConfigurationName = Release;
		};
		202A5BAA1F7D596100784D7E /* Build configuration list for PBXNativeTarget "BuggyUITests" */ = {
			isa = XCConfigurationList;
			buildConfigurations = (
				202A5BAB1F7D596100784D7E /* Debug */,
				202A5BAC1F7D596100784D7E /* Release */,
			);
			defaultConfigurationIsVisible = 0;
			defaultConfigurationName = Release;
		};
/* End XCConfigurationList section */
	};
	rootObject = 202A5B741F7D596000784D7E /* Project object */;
}
