// !$*UTF8*$!
{
	archiveVersion = 1;
	classes = {
	};
	objectVersion = 48;
	objects = {

/* Begin PBXBuildFile section */
		204F71621FD46C3700EC247A /* PhotoDataSource.swift in Sources */ = {isa = PBXBuildFile; fileRef = 204F71611FD46C3700EC247A /* PhotoDataSource.swift */; };
		204F71641FD47A9100EC247A /* PhotoCollectionViewCell.swift in Sources */ = {isa = PBXBuildFile; fileRef = 204F71631FD47A9100EC247A /* PhotoCollectionViewCell.swift */; };
		205558011FCCA41A00D32AEB /* PhotoStore.swift in Sources */ = {isa = PBXBuildFile; fileRef = 205558001FCCA41A00D32AEB /* PhotoStore.swift */; };
		207CF2111FCDDB9B00306F08 /* Photo.swift in Sources */ = {isa = PBXBuildFile; fileRef = 207CF2101FCDDB9B00306F08 /* Photo.swift */; };
		2095EFF11FCADCF70084EA09 /* AppDelegate.swift in Sources */ = {isa = PBXBuildFile; fileRef = 2095EFF01FCADCF70084EA09 /* AppDelegate.swift */; };
		2095EFF61FCADCF70084EA09 /* Main.storyboard in Resources */ = {isa = PBXBuildFile; fileRef = 2095EFF41FCADCF70084EA09 /* Main.storyboard */; };
		2095EFF81FCADCF70084EA09 /* Assets.xcassets in Resources */ = {isa = PBXBuildFile; fileRef = 2095EFF71FCADCF70084EA09 /* Assets.xcassets */; };
		2095EFFB1FCADCF70084EA09 /* LaunchScreen.storyboard in Resources */ = {isa = PBXBuildFile; fileRef = 2095EFF91FCADCF70084EA09 /* LaunchScreen.storyboard */; };
		2095F0061FCADCF70084EA09 /* PhotoramaTests.swift in Sources */ = {isa = PBXBuildFile; fileRef = 2095F0051FCADCF70084EA09 /* PhotoramaTests.swift */; };
		2095F0111FCADCF70084EA09 /* PhotoramaUITests.swift in Sources */ = {isa = PBXBuildFile; fileRef = 2095F0101FCADCF70084EA09 /* PhotoramaUITests.swift */; };
		2095F01F1FCB31CF0084EA09 /* PhotosViewController.swift in Sources */ = {isa = PBXBuildFile; fileRef = 2095F01E1FCB31CF0084EA09 /* PhotosViewController.swift */; };
		2095F0221FCB39900084EA09 /* FlickrAPI.swift in Sources */ = {isa = PBXBuildFile; fileRef = 2095F0211FCB39900084EA09 /* FlickrAPI.swift */; };
/* End PBXBuildFile section */

/* Begin PBXContainerItemProxy section */
		2095F0021FCADCF70084EA09 /* PBXContainerItemProxy */ = {
			isa = PBXContainerItemProxy;
			containerPortal = 2095EFE51FCADCF70084EA09 /* Project object */;
			proxyType = 1;
			remoteGlobalIDString = 2095EFEC1FCADCF70084EA09;
			remoteInfo = Photorama;
		};
		2095F00D1FCADCF70084EA09 /* PBXContainerItemProxy */ = {
			isa = PBXContainerItemProxy;
			containerPortal = 2095EFE51FCADCF70084EA09 /* Project object */;
			proxyType = 1;
			remoteGlobalIDString = 2095EFEC1FCADCF70084EA09;
			remoteInfo = Photorama;
		};
/* End PBXContainerItemProxy section */

/* Begin PBXFileReference section */
		204F71611FD46C3700EC247A /* PhotoDataSource.swift */ = {isa = PBXFileReference; lastKnownFileType = sourcecode.swift; name = PhotoDataSource.swift; path = Photorama/PhotoDataSource.swift; sourceTree = SOURCE_ROOT; };
		204F71631FD47A9100EC247A /* PhotoCollectionViewCell.swift */ = {isa = PBXFileReference; lastKnownFileType = sourcecode.swift; path = PhotoCollectionViewCell.swift; sourceTree = "<group>"; };
		205558001FCCA41A00D32AEB /* PhotoStore.swift */ = {isa = PBXFileReference; lastKnownFileType = sourcecode.swift; path = PhotoStore.swift; sourceTree = "<group>"; };
		207CF2101FCDDB9B00306F08 /* Photo.swift */ = {isa = PBXFileReference; lastKnownFileType = sourcecode.swift; path = Photo.swift; sourceTree = "<group>"; };
		2095EFED1FCADCF70084EA09 /* Photorama.app */ = {isa = PBXFileReference; explicitFileType = wrapper.application; includeInIndex = 0; path = Photorama.app; sourceTree = BUILT_PRODUCTS_DIR; };
		2095EFF01FCADCF70084EA09 /* AppDelegate.swift */ = {isa = PBXFileReference; lastKnownFileType = sourcecode.swift; path = AppDelegate.swift; sourceTree = "<group>"; };
		2095EFF51FCADCF70084EA09 /* Base */ = {isa = PBXFileReference; lastKnownFileType = file.storyboard; name = Base; path = Base.lproj/Main.storyboard; sourceTree = "<group>"; };
		2095EFF71FCADCF70084EA09 /* Assets.xcassets */ = {isa = PBXFileReference; lastKnownFileType = folder.assetcatalog; path = Assets.xcassets; sourceTree = "<group>"; };
		2095EFFA1FCADCF70084EA09 /* Base */ = {isa = PBXFileReference; lastKnownFileType = file.storyboard; name = Base; path = Base.lproj/LaunchScreen.storyboard; sourceTree = "<group>"; };
		2095EFFC1FCADCF70084EA09 /* Info.plist */ = {isa = PBXFileReference; lastKnownFileType = text.plist.xml; path = Info.plist; sourceTree = "<group>"; };
		2095F0011FCADCF70084EA09 /* PhotoramaTests.xctest */ = {isa = PBXFileReference; explicitFileType = wrapper.cfbundle; includeInIndex = 0; path = PhotoramaTests.xctest; sourceTree = BUILT_PRODUCTS_DIR; };
		2095F0051FCADCF70084EA09 /* PhotoramaTests.swift */ = {isa = PBXFileReference; lastKnownFileType = sourcecode.swift; path = PhotoramaTests.swift; sourceTree = "<group>"; };
		2095F0071FCADCF70084EA09 /* Info.plist */ = {isa = PBXFileReference; lastKnownFileType = text.plist.xml; path = Info.plist; sourceTree = "<group>"; };
		2095F00C1FCADCF70084EA09 /* PhotoramaUITests.xctest */ = {isa = PBXFileReference; explicitFileType = wrapper.cfbundle; includeInIndex = 0; path = PhotoramaUITests.xctest; sourceTree = BUILT_PRODUCTS_DIR; };
		2095F0101FCADCF70084EA09 /* PhotoramaUITests.swift */ = {isa = PBXFileReference; lastKnownFileType = sourcecode.swift; path = PhotoramaUITests.swift; sourceTree = "<group>"; };
		2095F0121FCADCF70084EA09 /* Info.plist */ = {isa = PBXFileReference; lastKnownFileType = text.plist.xml; path = Info.plist; sourceTree = "<group>"; };
		2095F01E1FCB31CF0084EA09 /* PhotosViewController.swift */ = {isa = PBXFileReference; lastKnownFileType = sourcecode.swift; path = PhotosViewController.swift; sourceTree = "<group>"; };
		2095F0211FCB39900084EA09 /* FlickrAPI.swift */ = {isa = PBXFileReference; lastKnownFileType = sourcecode.swift; path = FlickrAPI.swift; sourceTree = "<group>"; };
/* End PBXFileReference section */

/* Begin PBXFrameworksBuildPhase section */
		2095EFEA1FCADCF70084EA09 /* Frameworks */ = {
			isa = PBXFrameworksBuildPhase;
			buildActionMask = 2147483647;
			files = (
			);
			runOnlyForDeploymentPostprocessing = 0;
		};
		2095EFFE1FCADCF70084EA09 /* Frameworks */ = {
			isa = PBXFrameworksBuildPhase;
			buildActionMask = 2147483647;
			files = (
			);
			runOnlyForDeploymentPostprocessing = 0;
		};
		2095F0091FCADCF70084EA09 /* Frameworks */ = {
			isa = PBXFrameworksBuildPhase;
			buildActionMask = 2147483647;
			files = (
			);
			runOnlyForDeploymentPostprocessing = 0;
		};
/* End PBXFrameworksBuildPhase section */

/* Begin PBXGroup section */
		2095EFE41FCADCF70084EA09 = {
			isa = PBXGroup;
			children = (
				2095EFEF1FCADCF70084EA09 /* Photorama */,
				2095F0041FCADCF70084EA09 /* PhotoramaTests */,
				2095F00F1FCADCF70084EA09 /* PhotoramaUITests */,
				2095EFEE1FCADCF70084EA09 /* Products */,
			);
			sourceTree = "<group>";
		};
		2095EFEE1FCADCF70084EA09 /* Products */ = {
			isa = PBXGroup;
			children = (
				2095EFED1FCADCF70084EA09 /* Photorama.app */,
				2095F0011FCADCF70084EA09 /* PhotoramaTests.xctest */,
				2095F00C1FCADCF70084EA09 /* PhotoramaUITests.xctest */,
			);
			name = Products;
			sourceTree = "<group>";
		};
		2095EFEF1FCADCF70084EA09 /* Photorama */ = {
			isa = PBXGroup;
			children = (
				204F71611FD46C3700EC247A /* PhotoDataSource.swift */,
				2095F0201FCB39570084EA09 /* Model */,
				2095EFF01FCADCF70084EA09 /* AppDelegate.swift */,
				2095EFF41FCADCF70084EA09 /* Main.storyboard */,
				204F71631FD47A9100EC247A /* PhotoCollectionViewCell.swift */,
				2095EFF71FCADCF70084EA09 /* Assets.xcassets */,
				2095EFF91FCADCF70084EA09 /* LaunchScreen.storyboard */,
				2095EFFC1FCADCF70084EA09 /* Info.plist */,
				2095F01E1FCB31CF0084EA09 /* PhotosViewController.swift */,
			);
			path = Photorama;
			sourceTree = "<group>";
		};
		2095F0041FCADCF70084EA09 /* PhotoramaTests */ = {
			isa = PBXGroup;
			children = (
				2095F0051FCADCF70084EA09 /* PhotoramaTests.swift */,
				2095F0071FCADCF70084EA09 /* Info.plist */,
			);
			path = PhotoramaTests;
			sourceTree = "<group>";
		};
		2095F00F1FCADCF70084EA09 /* PhotoramaUITests */ = {
			isa = PBXGroup;
			children = (
				2095F0101FCADCF70084EA09 /* PhotoramaUITests.swift */,
				2095F0121FCADCF70084EA09 /* Info.plist */,
			);
			path = PhotoramaUITests;
			sourceTree = "<group>";
		};
		2095F0201FCB39570084EA09 /* Model */ = {
			isa = PBXGroup;
			children = (
				2095F0211FCB39900084EA09 /* FlickrAPI.swift */,
				205558001FCCA41A00D32AEB /* PhotoStore.swift */,
				207CF2101FCDDB9B00306F08 /* Photo.swift */,
			);
			path = Model;
			sourceTree = "<group>";
		};
/* End PBXGroup section */

/* Begin PBXNativeTarget section */
		2095EFEC1FCADCF70084EA09 /* Photorama */ = {
			isa = PBXNativeTarget;
			buildConfigurationList = 2095F0151FCADCF70084EA09 /* Build configuration list for PBXNativeTarget "Photorama" */;
			buildPhases = (
				2095EFE91FCADCF70084EA09 /* Sources */,
				2095EFEA1FCADCF70084EA09 /* Frameworks */,
				2095EFEB1FCADCF70084EA09 /* Resources */,
			);
			buildRules = (
			);
			dependencies = (
			);
			name = Photorama;
			productName = Photorama;
			productReference = 2095EFED1FCADCF70084EA09 /* Photorama.app */;
			productType = "com.apple.product-type.application";
		};
		2095F0001FCADCF70084EA09 /* PhotoramaTests */ = {
			isa = PBXNativeTarget;
			buildConfigurationList = 2095F0181FCADCF70084EA09 /* Build configuration list for PBXNativeTarget "PhotoramaTests" */;
			buildPhases = (
				2095EFFD1FCADCF70084EA09 /* Sources */,
				2095EFFE1FCADCF70084EA09 /* Frameworks */,
				2095EFFF1FCADCF70084EA09 /* Resources */,
			);
			buildRules = (
			);
			dependencies = (
				2095F0031FCADCF70084EA09 /* PBXTargetDependency */,
			);
			name = PhotoramaTests;
			productName = PhotoramaTests;
			productReference = 2095F0011FCADCF70084EA09 /* PhotoramaTests.xctest */;
			productType = "com.apple.product-type.bundle.unit-test";
		};
		2095F00B1FCADCF70084EA09 /* PhotoramaUITests */ = {
			isa = PBXNativeTarget;
			buildConfigurationList = 2095F01B1FCADCF70084EA09 /* Build configuration list for PBXNativeTarget "PhotoramaUITests" */;
			buildPhases = (
				2095F0081FCADCF70084EA09 /* Sources */,
				2095F0091FCADCF70084EA09 /* Frameworks */,
				2095F00A1FCADCF70084EA09 /* Resources */,
			);
			buildRules = (
			);
			dependencies = (
				2095F00E1FCADCF70084EA09 /* PBXTargetDependency */,
			);
			name = PhotoramaUITests;
			productName = PhotoramaUITests;
			productReference = 2095F00C1FCADCF70084EA09 /* PhotoramaUITests.xctest */;
			productType = "com.apple.product-type.bundle.ui-testing";
		};
/* End PBXNativeTarget section */

/* Begin PBXProject section */
		2095EFE51FCADCF70084EA09 /* Project object */ = {
			isa = PBXProject;
			attributes = {
				LastSwiftUpdateCheck = 0910;
				LastUpgradeCheck = 0910;
				ORGANIZATIONNAME = "Stefano Pernat";
				TargetAttributes = {
					2095EFEC1FCADCF70084EA09 = {
						CreatedOnToolsVersion = 9.1;
						ProvisioningStyle = Automatic;
					};
					2095F0001FCADCF70084EA09 = {
						CreatedOnToolsVersion = 9.1;
						ProvisioningStyle = Automatic;
						TestTargetID = 2095EFEC1FCADCF70084EA09;
					};
					2095F00B1FCADCF70084EA09 = {
						CreatedOnToolsVersion = 9.1;
						ProvisioningStyle = Automatic;
						TestTargetID = 2095EFEC1FCADCF70084EA09;
					};
				};
			};
			buildConfigurationList = 2095EFE81FCADCF70084EA09 /* Build configuration list for PBXProject "Photorama" */;
			compatibilityVersion = "Xcode 8.0";
			developmentRegion = en;
			hasScannedForEncodings = 0;
			knownRegions = (
				en,
				Base,
			);
			mainGroup = 2095EFE41FCADCF70084EA09;
			productRefGroup = 2095EFEE1FCADCF70084EA09 /* Products */;
			projectDirPath = "";
			projectRoot = "";
			targets = (
				2095EFEC1FCADCF70084EA09 /* Photorama */,
				2095F0001FCADCF70084EA09 /* PhotoramaTests */,
				2095F00B1FCADCF70084EA09 /* PhotoramaUITests */,
			);
		};
/* End PBXProject section */

/* Begin PBXResourcesBuildPhase section */
		2095EFEB1FCADCF70084EA09 /* Resources */ = {
			isa = PBXResourcesBuildPhase;
			buildActionMask = 2147483647;
			files = (
				2095EFFB1FCADCF70084EA09 /* LaunchScreen.storyboard in Resources */,
				2095EFF81FCADCF70084EA09 /* Assets.xcassets in Resources */,
				2095EFF61FCADCF70084EA09 /* Main.storyboard in Resources */,
			);
			runOnlyForDeploymentPostprocessing = 0;
		};
		2095EFFF1FCADCF70084EA09 /* Resources */ = {
			isa = PBXResourcesBuildPhase;
			buildActionMask = 2147483647;
			files = (
			);
			runOnlyForDeploymentPostprocessing = 0;
		};
		2095F00A1FCADCF70084EA09 /* Resources */ = {
			isa = PBXResourcesBuildPhase;
			buildActionMask = 2147483647;
			files = (
			);
			runOnlyForDeploymentPostprocessing = 0;
		};
/* End PBXResourcesBuildPhase section */

/* Begin PBXSourcesBuildPhase section */
		2095EFE91FCADCF70084EA09 /* Sources */ = {
			isa = PBXSourcesBuildPhase;
			buildActionMask = 2147483647;
			files = (
				2095F0221FCB39900084EA09 /* FlickrAPI.swift in Sources */,
				2095EFF11FCADCF70084EA09 /* AppDelegate.swift in Sources */,
				205558011FCCA41A00D32AEB /* PhotoStore.swift in Sources */,
				204F71621FD46C3700EC247A /* PhotoDataSource.swift in Sources */,
				204F71641FD47A9100EC247A /* PhotoCollectionViewCell.swift in Sources */,
				2095F01F1FCB31CF0084EA09 /* PhotosViewController.swift in Sources */,
				207CF2111FCDDB9B00306F08 /* Photo.swift in Sources */,
			);
			runOnlyForDeploymentPostprocessing = 0;
		};
		2095EFFD1FCADCF70084EA09 /* Sources */ = {
			isa = PBXSourcesBuildPhase;
			buildActionMask = 2147483647;
			files = (
				2095F0061FCADCF70084EA09 /* PhotoramaTests.swift in Sources */,
			);
			runOnlyForDeploymentPostprocessing = 0;
		};
		2095F0081FCADCF70084EA09 /* Sources */ = {
			isa = PBXSourcesBuildPhase;
			buildActionMask = 2147483647;
			files = (
				2095F0111FCADCF70084EA09 /* PhotoramaUITests.swift in Sources */,
			);
			runOnlyForDeploymentPostprocessing = 0;
		};
/* End PBXSourcesBuildPhase section */

/* Begin PBXTargetDependency section */
		2095F0031FCADCF70084EA09 /* PBXTargetDependency */ = {
			isa = PBXTargetDependency;
			target = 2095EFEC1FCADCF70084EA09 /* Photorama */;
			targetProxy = 2095F0021FCADCF70084EA09 /* PBXContainerItemProxy */;
		};
		2095F00E1FCADCF70084EA09 /* PBXTargetDependency */ = {
			isa = PBXTargetDependency;
			target = 2095EFEC1FCADCF70084EA09 /* Photorama */;
			targetProxy = 2095F00D1FCADCF70084EA09 /* PBXContainerItemProxy */;
		};
/* End PBXTargetDependency section */

/* Begin PBXVariantGroup section */
		2095EFF41FCADCF70084EA09 /* Main.storyboard */ = {
			isa = PBXVariantGroup;
			children = (
				2095EFF51FCADCF70084EA09 /* Base */,
			);
			name = Main.storyboard;
			sourceTree = "<group>";
		};
		2095EFF91FCADCF70084EA09 /* LaunchScreen.storyboard */ = {
			isa = PBXVariantGroup;
			children = (
				2095EFFA1FCADCF70084EA09 /* Base */,
			);
			name = LaunchScreen.storyboard;
			sourceTree = "<group>";
		};
/* End PBXVariantGroup section */

/* Begin XCBuildConfiguration section */
		2095F0131FCADCF70084EA09 /* Debug */ = {
			isa = XCBuildConfiguration;
			buildSettings = {
				ALWAYS_SEARCH_USER_PATHS = NO;
				CLANG_ANALYZER_NONNULL = YES;
				CLANG_ANALYZER_NUMBER_OBJECT_CONVERSION = YES_AGGRESSIVE;
				CLANG_CXX_LANGUAGE_STANDARD = "gnu++14";
				CLANG_CXX_LIBRARY = "libc++";
				CLANG_ENABLE_MODULES = YES;
				CLANG_ENABLE_OBJC_ARC = YES;
				CLANG_WARN_BLOCK_CAPTURE_AUTORELEASING = YES;
				CLANG_WARN_BOOL_CONVERSION = YES;
				CLANG_WARN_COMMA = YES;
				CLANG_WARN_CONSTANT_CONVERSION = YES;
				CLANG_WARN_DIRECT_OBJC_ISA_USAGE = YES_ERROR;
				CLANG_WARN_DOCUMENTATION_COMMENTS = YES;
				CLANG_WARN_EMPTY_BODY = YES;
				CLANG_WARN_ENUM_CONVERSION = YES;
				CLANG_WARN_INFINITE_RECURSION = YES;
				CLANG_WARN_INT_CONVERSION = YES;
				CLANG_WARN_NON_LITERAL_NULL_CONVERSION = YES;
				CLANG_WARN_OBJC_LITERAL_CONVERSION = YES;
				CLANG_WARN_OBJC_ROOT_CLASS = YES_ERROR;
				CLANG_WARN_RANGE_LOOP_ANALYSIS = YES;
				CLANG_WARN_STRICT_PROTOTYPES = YES;
				CLANG_WARN_SUSPICIOUS_MOVE = YES;
				CLANG_WARN_UNGUARDED_AVAILABILITY = YES_AGGRESSIVE;
				CLANG_WARN_UNREACHABLE_CODE = YES;
				CLANG_WARN__DUPLICATE_METHOD_MATCH = YES;
				CODE_SIGN_IDENTITY = "iPhone Developer";
				COPY_PHASE_STRIP = NO;
				DEBUG_INFORMATION_FORMAT = dwarf;
				ENABLE_STRICT_OBJC_MSGSEND = YES;
				ENABLE_TESTABILITY = YES;
				GCC_C_LANGUAGE_STANDARD = gnu11;
				GCC_DYNAMIC_NO_PIC = NO;
				GCC_NO_COMMON_BLOCKS = YES;
				GCC_OPTIMIZATION_LEVEL = 0;
				GCC_PREPROCESSOR_DEFINITIONS = (
					"DEBUG=1",
					"$(inherited)",
				);
				GCC_WARN_64_TO_32_BIT_CONVERSION = YES;
				GCC_WARN_ABOUT_RETURN_TYPE = YES_ERROR;
				GCC_WARN_UNDECLARED_SELECTOR = YES;
				GCC_WARN_UNINITIALIZED_AUTOS = YES_AGGRESSIVE;
				GCC_WARN_UNUSED_FUNCTION = YES;
				GCC_WARN_UNUSED_VARIABLE = YES;
				IPHONEOS_DEPLOYMENT_TARGET = 11.1;
				MTL_ENABLE_DEBUG_INFO = YES;
				ONLY_ACTIVE_ARCH = YES;
				SDKROOT = iphoneos;
				SWIFT_ACTIVE_COMPILATION_CONDITIONS = DEBUG;
				SWIFT_OPTIMIZATION_LEVEL = "-Onone";
			};
			name = Debug;
		};
		2095F0141FCADCF70084EA09 /* Release */ = {
			isa = XCBuildConfiguration;
			buildSettings = {
				ALWAYS_SEARCH_USER_PATHS = NO;
				CLANG_ANALYZER_NONNULL = YES;
				CLANG_ANALYZER_NUMBER_OBJECT_CONVERSION = YES_AGGRESSIVE;
				CLANG_CXX_LANGUAGE_STANDARD = "gnu++14";
				CLANG_CXX_LIBRARY = "libc++";
				CLANG_ENABLE_MODULES = YES;
				CLANG_ENABLE_OBJC_ARC = YES;
				CLANG_WARN_BLOCK_CAPTURE_AUTORELEASING = YES;
				CLANG_WARN_BOOL_CONVERSION = YES;
				CLANG_WARN_COMMA = YES;
				CLANG_WARN_CONSTANT_CONVERSION = YES;
				CLANG_WARN_DIRECT_OBJC_ISA_USAGE = YES_ERROR;
				CLANG_WARN_DOCUMENTATION_COMMENTS = YES;
				CLANG_WARN_EMPTY_BODY = YES;
				CLANG_WARN_ENUM_CONVERSION = YES;
				CLANG_WARN_INFINITE_RECURSION = YES;
				CLANG_WARN_INT_CONVERSION = YES;
				CLANG_WARN_NON_LITERAL_NULL_CONVERSION = YES;
				CLANG_WARN_OBJC_LITERAL_CONVERSION = YES;
				CLANG_WARN_OBJC_ROOT_CLASS = YES_ERROR;
				CLANG_WARN_RANGE_LOOP_ANALYSIS = YES;
				CLANG_WARN_STRICT_PROTOTYPES = YES;
				CLANG_WARN_SUSPICIOUS_MOVE = YES;
				CLANG_WARN_UNGUARDED_AVAILABILITY = YES_AGGRESSIVE;
				CLANG_WARN_UNREACHABLE_CODE = YES;
				CLANG_WARN__DUPLICATE_METHOD_MATCH = YES;
				CODE_SIGN_IDENTITY = "iPhone Developer";
				COPY_PHASE_STRIP = NO;
				DEBUG_INFORMATION_FORMAT = "dwarf-with-dsym";
				ENABLE_NS_ASSERTIONS = NO;
				ENABLE_STRICT_OBJC_MSGSEND = YES;
				GCC_C_LANGUAGE_STANDARD = gnu11;
				GCC_NO_COMMON_BLOCKS = YES;
				GCC_WARN_64_TO_32_BIT_CONVERSION = YES;
				GCC_WARN_ABOUT_RETURN_TYPE = YES_ERROR;
				GCC_WARN_UNDECLARED_SELECTOR = YES;
				GCC_WARN_UNINITIALIZED_AUTOS = YES_AGGRESSIVE;
				GCC_WARN_UNUSED_FUNCTION = YES;
				GCC_WARN_UNUSED_VARIABLE = YES;
				IPHONEOS_DEPLOYMENT_TARGET = 11.1;
				MTL_ENABLE_DEBUG_INFO = NO;
				SDKROOT = iphoneos;
				SWIFT_OPTIMIZATION_LEVEL = "-Owholemodule";
				VALIDATE_PRODUCT = YES;
			};
			name = Release;
		};
		2095F0161FCADCF70084EA09 /* Debug */ = {
			isa = XCBuildConfiguration;
			buildSettings = {
				ASSETCATALOG_COMPILER_APPICON_NAME = AppIcon;
				CODE_SIGN_STYLE = Automatic;
				DEVELOPMENT_TEAM = W7P2H33KSX;
				INFOPLIST_FILE = Photorama/Info.plist;
				IPHONEOS_DEPLOYMENT_TARGET = 10.0;
				LD_RUNPATH_SEARCH_PATHS = "$(inherited) @executable_path/Frameworks";
				PRODUCT_BUNDLE_IDENTIFIER = com.thebignerdranch.learning.Photorama;
				PRODUCT_NAME = "$(TARGET_NAME)";
				SWIFT_VERSION = 4.0;
				TARGETED_DEVICE_FAMILY = "1,2";
			};
			name = Debug;
		};
		2095F0171FCADCF70084EA09 /* Release */ = {
			isa = XCBuildConfiguration;
			buildSettings = {
				ASSETCATALOG_COMPILER_APPICON_NAME = AppIcon;
				CODE_SIGN_STYLE = Automatic;
				DEVELOPMENT_TEAM = W7P2H33KSX;
				INFOPLIST_FILE = Photorama/Info.plist;
				IPHONEOS_DEPLOYMENT_TARGET = 10.0;
				LD_RUNPATH_SEARCH_PATHS = "$(inherited) @executable_path/Frameworks";
				PRODUCT_BUNDLE_IDENTIFIER = com.thebignerdranch.learning.Photorama;
				PRODUCT_NAME = "$(TARGET_NAME)";
				SWIFT_VERSION = 4.0;
				TARGETED_DEVICE_FAMILY = "1,2";
			};
			name = Release;
		};
		2095F0191FCADCF70084EA09 /* Debug */ = {
			isa = XCBuildConfiguration;
			buildSettings = {
				ALWAYS_EMBED_SWIFT_STANDARD_LIBRARIES = YES;
				BUNDLE_LOADER = "$(TEST_HOST)";
				CODE_SIGN_STYLE = Automatic;
				DEVELOPMENT_TEAM = W7P2H33KSX;
				INFOPLIST_FILE = PhotoramaTests/Info.plist;
				LD_RUNPATH_SEARCH_PATHS = "$(inherited) @executable_path/Frameworks @loader_path/Frameworks";
				PRODUCT_BUNDLE_IDENTIFIER = com.thebignerdranch.learning.PhotoramaTests;
				PRODUCT_NAME = "$(TARGET_NAME)";
				SWIFT_VERSION = 4.0;
				TARGETED_DEVICE_FAMILY = "1,2";
				TEST_HOST = "$(BUILT_PRODUCTS_DIR)/Photorama.app/Photorama";
			};
			name = Debug;
		};
		2095F01A1FCADCF70084EA09 /* Release */ = {
			isa = XCBuildConfiguration;
			buildSettings = {
				ALWAYS_EMBED_SWIFT_STANDARD_LIBRARIES = YES;
				BUNDLE_LOADER = "$(TEST_HOST)";
				CODE_SIGN_STYLE = Automatic;
				DEVELOPMENT_TEAM = W7P2H33KSX;
				INFOPLIST_FILE = PhotoramaTests/Info.plist;
				LD_RUNPATH_SEARCH_PATHS = "$(inherited) @executable_path/Frameworks @loader_path/Frameworks";
				PRODUCT_BUNDLE_IDENTIFIER = com.thebignerdranch.learning.PhotoramaTests;
				PRODUCT_NAME = "$(TARGET_NAME)";
				SWIFT_VERSION = 4.0;
				TARGETED_DEVICE_FAMILY = "1,2";
				TEST_HOST = "$(BUILT_PRODUCTS_DIR)/Photorama.app/Photorama";
			};
			name = Release;
		};
		2095F01C1FCADCF70084EA09 /* Debug */ = {
			isa = XCBuildConfiguration;
			buildSettings = {
				ALWAYS_EMBED_SWIFT_STANDARD_LIBRARIES = YES;
				CODE_SIGN_STYLE = Automatic;
				DEVELOPMENT_TEAM = W7P2H33KSX;
				INFOPLIST_FILE = PhotoramaUITests/Info.plist;
				LD_RUNPATH_SEARCH_PATHS = "$(inherited) @executable_path/Frameworks @loader_path/Frameworks";
				PRODUCT_BUNDLE_IDENTIFIER = com.thebignerdranch.learning.PhotoramaUITests;
				PRODUCT_NAME = "$(TARGET_NAME)";
				SWIFT_VERSION = 4.0;
				TARGETED_DEVICE_FAMILY = "1,2";
				TEST_TARGET_NAME = Photorama;
			};
			name = Debug;
		};
		2095F01D1FCADCF70084EA09 /* Release */ = {
			isa = XCBuildConfiguration;
			buildSettings = {
				ALWAYS_EMBED_SWIFT_STANDARD_LIBRARIES = YES;
				CODE_SIGN_STYLE = Automatic;
				DEVELOPMENT_TEAM = W7P2H33KSX;
				INFOPLIST_FILE = PhotoramaUITests/Info.plist;
				LD_RUNPATH_SEARCH_PATHS = "$(inherited) @executable_path/Frameworks @loader_path/Frameworks";
				PRODUCT_BUNDLE_IDENTIFIER = com.thebignerdranch.learning.PhotoramaUITests;
				PRODUCT_NAME = "$(TARGET_NAME)";
				SWIFT_VERSION = 4.0;
				TARGETED_DEVICE_FAMILY = "1,2";
				TEST_TARGET_NAME = Photorama;
			};
			name = Release;
		};
/* End XCBuildConfiguration section */

/* Begin XCConfigurationList section */
		2095EFE81FCADCF70084EA09 /* Build configuration list for PBXProject "Photorama" */ = {
			isa = XCConfigurationList;
			buildConfigurations = (
				2095F0131FCADCF70084EA09 /* Debug */,
				2095F0141FCADCF70084EA09 /* Release */,
			);
			defaultConfigurationIsVisible = 0;
			defaultConfigurationName = Release;
		};
		2095F0151FCADCF70084EA09 /* Build configuration list for PBXNativeTarget "Photorama" */ = {
			isa = XCConfigurationList;
			buildConfigurations = (
				2095F0161FCADCF70084EA09 /* Debug */,
				2095F0171FCADCF70084EA09 /* Release */,
			);
			defaultConfigurationIsVisible = 0;
			defaultConfigurationName = Release;
		};
		2095F0181FCADCF70084EA09 /* Build configuration list for PBXNativeTarget "PhotoramaTests" */ = {
			isa = XCConfigurationList;
			buildConfigurations = (
				2095F0191FCADCF70084EA09 /* Debug */,
				2095F01A1FCADCF70084EA09 /* Release */,
			);
			defaultConfigurationIsVisible = 0;
			defaultConfigurationName = Release;
		};
		2095F01B1FCADCF70084EA09 /* Build configuration list for PBXNativeTarget "PhotoramaUITests" */ = {
			isa = XCConfigurationList;
			buildConfigurations = (
				2095F01C1FCADCF70084EA09 /* Debug */,
				2095F01D1FCADCF70084EA09 /* Release */,
			);
			defaultConfigurationIsVisible = 0;
			defaultConfigurationName = Release;
		};
/* End XCConfigurationList section */
	};
	rootObject = 2095EFE51FCADCF70084EA09 /* Project object */;
}
